// !$*UTF8*$!
{
	archiveVersion = 1;
	classes = {
	};
	objectVersion = 46;
	objects = {

/* Begin PBXBuildFile section */
		9AC4EAE215F493330098E8AF /* Foundation.framework in Frameworks */ = {isa = PBXBuildFile; fileRef = 9AC4EAE115F493330098E8AF /* Foundation.framework */; };
		9AC4EAE515F493330098E8AF /* main.m in Sources */ = {isa = PBXBuildFile; fileRef = 9AC4EAE415F493330098E8AF /* main.m */; };
		9AC4EAE915F493330098E8AF /* HelloWorld.1 in CopyFiles */ = {isa = PBXBuildFile; fileRef = 9AC4EAE815F493330098E8AF /* HelloWorld.1 */; };
/* End PBXBuildFile section */

/* Begin PBXCopyFilesBuildPhase section */
		9AC4EADB15F493330098E8AF /* CopyFiles */ = {
			isa = PBXCopyFilesBuildPhase;
			buildActionMask = 2147483647;
			dstPath = /usr/share/man/man1/;
			dstSubfolderSpec = 0;
			files = (
				9AC4EAE915F493330098E8AF /* HelloWorld.1 in CopyFiles */,
			);
			runOnlyForDeploymentPostprocessing = 1;
		};
/* End PBXCopyFilesBuildPhase section */

/* Begin PBXFileReference section */
		9AC4EADD15F493330098E8AF /* HelloWorld */ = {isa = PBXFileReference; explicitFileType = "compiled.mach-o.executable"; includeInIndex = 0; path = HelloWorld; sourceTree = BUILT_PRODUCTS_DIR; };
		9AC4EAE115F493330098E8AF /* Foundation.framework */ = {isa = PBXFileReference; lastKnownFileType = wrapper.framework; name = Foundation.framework; path = System/Library/Frameworks/Foundation.framework; sourceTree = SDKROOT; };
		9AC4EAE415F493330098E8AF /* main.m */ = {isa = PBXFileReference; lastKnownFileType = sourcecode.c.objc; path = main.m; sourceTree = "<group>"; };
		9AC4EAE715F493330098E8AF /* HelloWorld-Prefix.pch */ = {isa = PBXFileReference; lastKnownFileType = sourcecode.c.h; path = "HelloWorld-Prefix.pch"; sourceTree = "<group>"; };
		9AC4EAE815F493330098E8AF /* HelloWorld.1 */ = {isa = PBXFileReference; lastKnownFileType = text.man; path = HelloWorld.1; sourceTree = "<group>"; };
/* End PBXFileReference section */

/* Begin PBXFrameworksBuildPhase section */
		9AC4EADA15F493330098E8AF /* Frameworks */ = {
			isa = PBXFrameworksBuildPhase;
			buildActionMask = 2147483647;
			files = (
				9AC4EAE215F493330098E8AF /* Foundation.framework in Frameworks */,
			);
			runOnlyForDeploymentPostprocessing = 0;
		};
/* End PBXFrameworksBuildPhase section */

/* Begin PBXGroup section */
		9AC4EAD215F493330098E8AF = {
			isa = PBXGroup;
			children = (
				9AC4EAE315F493330098E8AF /* HelloWorld */,
				9AC4EAE015F493330098E8AF /* Frameworks */,
				9AC4EADE15F493330098E8AF /* Products */,
			);
			sourceTree = "<group>";
		};
		9AC4EADE15F493330098E8AF /* Products */ = {
			isa = PBXGroup;
			children = (
				9AC4EADD15F493330098E8AF /* HelloWorld */,
			);
			name = Products;
			sourceTree = "<group>";
		};
		9AC4EAE015F493330098E8AF /* Frameworks */ = {
			isa = PBXGroup;
			children = (
				9AC4EAE115F493330098E8AF /* Foundation.framework */,
			);
			name = Frameworks;
			sourceTree = "<group>";
		};
		9AC4EAE315F493330098E8AF /* HelloWorld */ = {
			isa = PBXGroup;
			children = (
				9AC4EAE415F493330098E8AF /* main.m */,
				9AC4EAE815F493330098E8AF /* HelloWorld.1 */,
				9AC4EAE615F493330098E8AF /* Supporting Files */,
			);
			path = HelloWorld;
			sourceTree = "<group>";
		};
		9AC4EAE615F493330098E8AF /* Supporting Files */ = {
			isa = PBXGroup;
			children = (
				9AC4EAE715F493330098E8AF /* HelloWorld-Prefix.pch */,
			);
			name = "Supporting Files";
			sourceTree = "<group>";
		};
/* End PBXGroup section */

/* Begin PBXNativeTarget section */
		9AC4EADC15F493330098E8AF /* HelloWorld */ = {
			isa = PBXNativeTarget;
			buildConfigurationList = 9AC4EAEC15F493330098E8AF /* Build configuration list for PBXNativeTarget "HelloWorld" */;
			buildPhases = (
				9AC4EAD915F493330098E8AF /* Sources */,
				9AC4EADA15F493330098E8AF /* Frameworks */,
				9AC4EADB15F493330098E8AF /* CopyFiles */,
			);
			buildRules = (
			);
			dependencies = (
			);
			name = HelloWorld;
			productName = HelloWorld;
			productReference = 9AC4EADD15F493330098E8AF /* HelloWorld */;
			productType = "com.apple.product-type.tool";
		};
/* End PBXNativeTarget section */

/* Begin PBXProject section */
		9AC4EAD415F493330098E8AF /* Project object */ = {
			isa = PBXProject;
			attributes = {
				LastUpgradeCheck = 0440;
				ORGANIZATIONNAME = "Brandon Kinard";
			};
			buildConfigurationList = 9AC4EAD715F493330098E8AF /* Build configuration list for PBXProject "HelloWorld" */;
			compatibilityVersion = "Xcode 3.2";
			developmentRegion = English;
			hasScannedForEncodings = 0;
			knownRegions = (
				en,
			);
			mainGroup = 9AC4EAD215F493330098E8AF;
			productRefGroup = 9AC4EADE15F493330098E8AF /* Products */;
			projectDirPath = "";
			projectRoot = "";
			targets = (
				9AC4EADC15F493330098E8AF /* HelloWorld */,
			);
		};
/* End PBXProject section */

/* Begin PBXSourcesBuildPhase section */
		9AC4EAD915F493330098E8AF /* Sources */ = {
			isa = PBXSourcesBuildPhase;
			buildActionMask = 2147483647;
			files = (
				9AC4EAE515F493330098E8AF /* main.m in Sources */,
			);
			runOnlyForDeploymentPostprocessing = 0;
		};
/* End PBXSourcesBuildPhase section */

/* Begin XCBuildConfiguration section */
		9AC4EAEA15F493330098E8AF /* Debug */ = {
			isa = XCBuildConfiguration;
			buildSettings = {
				ALWAYS_SEARCH_USER_PATHS = NO;
				ARCHS = "$(ARCHS_STANDARD_64_BIT)";
				CLANG_CXX_LANGUAGE_STANDARD = "gnu++0x";
				CLANG_WARN__DUPLICATE_METHOD_MATCH = YES;
				COPY_PHASE_STRIP = NO;
				GCC_C_LANGUAGE_STANDARD = gnu99;
				GCC_DYNAMIC_NO_PIC = NO;
				GCC_ENABLE_OBJC_EXCEPTIONS = YES;
				GCC_OPTIMIZATION_LEVEL = 0;
				GCC_PREPROCESSOR_DEFINITIONS = (
					"DEBUG=1",
					"$(inherited)",
				);
				GCC_SYMBOLS_PRIVATE_EXTERN = NO;
				GCC_WARN_64_TO_32_BIT_CONVERSION = YES;
				GCC_WARN_ABOUT_RETURN_TYPE = YES;
				GCC_WARN_UNINITIALIZED_AUTOS = YES;
				GCC_WARN_UNUSED_VARIABLE = YES;
				MACOSX_DEPLOYMENT_TARGET = 10.7;
				ONLY_ACTIVE_ARCH = YES;
				SDKROOT = macosx;
			};
			name = Debug;
		};
		9AC4EAEB15F493330098E8AF /* Release */ = {
			isa = XCBuildConfiguration;
			buildSettings = {
				ALWAYS_SEARCH_USER_PATHS = NO;
				ARCHS = "$(ARCHS_STANDARD_64_BIT)";
				CLANG_CXX_LANGUAGE_STANDARD = "gnu++0x";
				CLANG_WARN__DUPLICATE_METHOD_MATCH = YES;
				COPY_PHASE_STRIP = YES;
				DEBUG_INFORMATION_FORMAT = "dwarf-with-dsym";
				GCC_C_LANGUAGE_STANDARD = gnu99;
				GCC_ENABLE_OBJC_EXCEPTIONS = YES;
				GCC_WARN_64_TO_32_BIT_CONVERSION = YES;
				GCC_WARN_ABOUT_RETURN_TYPE = YES;
				GCC_WARN_UNINITIALIZED_AUTOS = YES;
				GCC_WARN_UNUSED_VARIABLE = YES;
				MACOSX_DEPLOYMENT_TARGET = 10.7;
				SDKROOT = macosx;
			};
			name = Release;
		};
		9AC4EAED15F493330098E8AF /* Debug */ = {
			isa = XCBuildConfiguration;
			buildSettings = {
				GCC_PRECOMPILE_PREFIX_HEADER = YES;
				GCC_PREFIX_HEADER = "HelloWorld/HelloWorld-Prefix.pch";
				PRODUCT_NAME = "$(TARGET_NAME)";
			};
			name = Debug;
		};
		9AC4EAEE15F493330098E8AF /* Release */ = {
			isa = XCBuildConfiguration;
			buildSettings = {
				GCC_PRECOMPILE_PREFIX_HEADER = YES;
				GCC_PREFIX_HEADER = "HelloWorld/HelloWorld-Prefix.pch";
				PRODUCT_NAME = "$(TARGET_NAME)";
			};
			name = Release;
		};
/* End XCBuildConfiguration section */

/* Begin XCConfigurationList section */
		9AC4EAD715F493330098E8AF /* Build configuration list for PBXProject "HelloWorld" */ = {
			isa = XCConfigurationList;
			buildConfigurations = (
				9AC4EAEA15F493330098E8AF /* Debug */,
				9AC4EAEB15F493330098E8AF /* Release */,
			);
			defaultConfigurationIsVisible = 0;
			defaultConfigurationName = Release;
		};
		9AC4EAEC15F493330098E8AF /* Build configuration list for PBXNativeTarget "HelloWorld" */ = {
			isa = XCConfigurationList;
			buildConfigurations = (
				9AC4EAED15F493330098E8AF /* Debug */,
				9AC4EAEE15F493330098E8AF /* Release */,
			);
			defaultConfigurationIsVisible = 0;
		};
/* End XCConfigurationList section */
	};
	rootObject = 9AC4EAD415F493330098E8AF /* Project object */;
}
